
Microsoft Visual Studio Solution File, Format Version 12.00
# Visual Studio Version 16
VisualStudioVersion = 16.0.30717.126
MinimumVisualStudioVersion = 10.0.40219.1
Project("{8BC9CEB8-8B4A-11D0-8D11-00A0C91BC942}") = "ThreadPool", "ThreadPool\ThreadPool.vcxproj", "{9EACF425-FD25-4E28-B355-193533E1A7B4}"
EndProject
Global
	GlobalSection(SolutionConfigurationPlatforms) = preSolution
		Debug|x64 = Debug|x64
		Debug|x86 = Debug|x86
		Release|x64 = Release|x64
		Release|x86 = Release|x86
	EndGlobalSection
	GlobalSection(ProjectConfigurationPlatforms) = postSolution
		{9EACF425-FD25-4E28-B355-193533E1A7B4}.Debug|x64.ActiveCfg = Debug|x64
		{9EACF425-FD25-4E28-B355-193533E1A7B4}.Debug|x64.Build.0 = Debug|x64
		{9EACF425-FD25-4E28-B355-193533E1A7B4}.Debug|x86.ActiveCfg = Debug|Win32
		{9EACF425-FD25-4E28-B355-193533E1A7B4}.Debug|x86.Build.0 = Debug|Win32
		{9EACF425-FD25-4E28-B355-193533E1A7B4}.Release|x64.ActiveCfg = Release|x64
		{9EACF425-FD25-4E28-B355-193533E1A7B4}.Release|x64.Build.0 = Release|x64
		{9EACF425-FD25-4E28-B355-193533E1A7B4}.Release|x86.ActiveCfg = Release|Win32
		{9EACF425-FD25-4E28-B355-193533E1A7B4}.Release|x86.Build.0 = Release|Win32
	EndGlobalSection
	GlobalSection(SolutionProperties) = preSolution
		HideSolutionNode = FALSE
	EndGlobalSection
	GlobalSection(ExtensibilityGlobals) = postSolution
		SolutionGuid = {8A3EB55E-B967-407E-AC73-002AA374D687}
	EndGlobalSection
EndGlobal
